
Microsoft Visual Studio Solution File, Format Version 12.00
# Visual Studio 15
VisualStudioVersion = 15.0.27130.2024
MinimumVisualStudioVersion = 10.0.40219.1
Project("{9A19103F-16F7-4668-BE54-9A1E7A4F7556}") = "StudentsConsultations", "Students consultations\StudentsConsultations.csproj", "{2FBB5AD7-F7A3-4783-9A2D-639257346F3D}"
EndProject
Project("{9A19103F-16F7-4668-BE54-9A1E7A4F7556}") = "StudentsConsultations.Domain", "StudentsConsultations.Domain\StudentsConsultations.Domain.csproj", "{72176F1B-2B7D-48A4-9C48-6393089D002C}"
EndProject
Project("{FAE04EC0-301F-11D3-BF4B-00C04F79EFBC}") = "StudentsConsultations.Data.EF", "StudentsConsultations.Data.EF\StudentsConsultations.Data.EF.csproj", "{BA2A3B4B-4C3C-48DB-BF38-3D696BAD0B7D}"
EndProject
Global
	GlobalSection(SolutionConfigurationPlatforms) = preSolution
		Debug|Any CPU = Debug|Any CPU
		Release|Any CPU = Release|Any CPU
	EndGlobalSection
	GlobalSection(ProjectConfigurationPlatforms) = postSolution
		{2FBB5AD7-F7A3-4783-9A2D-639257346F3D}.Debug|Any CPU.ActiveCfg = Debug|Any CPU
		{2FBB5AD7-F7A3-4783-9A2D-639257346F3D}.Debug|Any CPU.Build.0 = Debug|Any CPU
		{2FBB5AD7-F7A3-4783-9A2D-639257346F3D}.Release|Any CPU.ActiveCfg = Release|Any CPU
		{2FBB5AD7-F7A3-4783-9A2D-639257346F3D}.Release|Any CPU.Build.0 = Release|Any CPU
		{72176F1B-2B7D-48A4-9C48-6393089D002C}.Debug|Any CPU.ActiveCfg = Debug|Any CPU
		{72176F1B-2B7D-48A4-9C48-6393089D002C}.Debug|Any CPU.Build.0 = Debug|Any CPU
		{72176F1B-2B7D-48A4-9C48-6393089D002C}.Release|Any CPU.ActiveCfg = Release|Any CPU
		{72176F1B-2B7D-48A4-9C48-6393089D002C}.Release|Any CPU.Build.0 = Release|Any CPU
		{BA2A3B4B-4C3C-48DB-BF38-3D696BAD0B7D}.Debug|Any CPU.ActiveCfg = Debug|Any CPU
		{BA2A3B4B-4C3C-48DB-BF38-3D696BAD0B7D}.Debug|Any CPU.Build.0 = Debug|Any CPU
		{BA2A3B4B-4C3C-48DB-BF38-3D696BAD0B7D}.Release|Any CPU.ActiveCfg = Release|Any CPU
		{BA2A3B4B-4C3C-48DB-BF38-3D696BAD0B7D}.Release|Any CPU.Build.0 = Release|Any CPU
	EndGlobalSection
	GlobalSection(SolutionProperties) = preSolution
		HideSolutionNode = FALSE
	EndGlobalSection
	GlobalSection(ExtensibilityGlobals) = postSolution
		SolutionGuid = {A1DC1F4A-CD50-40EF-B1BE-1210AB4FA71F}
	EndGlobalSection
EndGlobal
